{
  "version": 4,
  "terraform_version": "1.11.2",
  "serial": 6,
  "lineage": "28a7e92c-6169-d9e4-7da6-e95265244ad8",
  "outputs": {},
  "resources": [
    {
      "mode": "managed",
      "type": "null_resource",
      "name": "fetch_k3s_token",
      "provider": "provider[\"registry.terraform.io/hashicorp/null\"]",
      "instances": [
        {
          "schema_version": 0,
          "attributes": {
            "id": "6533148255334584969",
            "triggers": null
          },
          "sensitive_attributes": [],
          "dependencies": [
            "proxmox_virtual_environment_file.k3cloudinit_user_data",
            "proxmox_virtual_environment_vm.control_plane"
          ]
        }
      ]
    },
    {
      "mode": "managed",
      "type": "null_resource",
      "name": "fetch_kube_config",
      "provider": "provider[\"registry.terraform.io/hashicorp/null\"]",
      "instances": [
        {
          "schema_version": 0,
          "attributes": {
            "id": "9088344480687216380",
            "triggers": null
          },
          "sensitive_attributes": [],
          "dependencies": [
            "proxmox_virtual_environment_file.k3cloudinit_user_data",
            "proxmox_virtual_environment_vm.control_plane"
          ]
        }
      ]
    },
    {
      "mode": "managed",
      "type": "proxmox_virtual_environment_file",
      "name": "k3cloudinit_user_data",
      "provider": "provider[\"registry.terraform.io/bpg/proxmox\"]",
      "instances": [
        {
          "schema_version": 0,
          "attributes": {
            "content_type": "snippets",
            "datastore_id": "local",
            "file_mode": null,
            "file_modification_date": null,
            "file_name": "k3cloudinit-user-data.yml",
            "file_size": null,
            "file_tag": null,
            "id": "local:snippets/k3cloudinit-user-data.yml",
            "node_name": "proxmox",
            "overwrite": true,
            "source_file": [],
            "source_raw": [
              {
                "data": "#cloud-config\nhostname: control-node\npackages:\n  - qemu-guest-agent\n  - curl\nusers:\n  - name: soumith\n    ssh-authorized-keys:\n      - ssh-rsa AAAAB3NzaC1yc2EAAAADAQABAAACAQCqlVXhh5pO9CtcBDCVLQs9WQFjbA2GpgBpD106LicgZVWFwH0MYFodhhJEY2927ts6vP4jftBZP1KI8HjTOEFkbNkOiRTRo5Dag4VONjG6L+OrxqpvfbhSMTJkSu59b7fJZdX5VNrHU/QYXjNNUcPELMNUKSO/IKUUxYtEXZSG8gPomjLcUI+K6Ew8Q8okyzHfK3d+O5gUKYrhue6unqutCdTo+eUR7OSyLRCAyJiccaxC+X8OW2ZdvdWT77VAfJbOBFVZkqOXE7q5aGpvHwZupuOkjALSJw8UPXMFKV+EwjE6kx8hOO5Yu6xzYB4v7yHlk0bK7kMMjKOq5FSsAbl1kmV8c1ZkBQRNrngah0CdA8R8MsDEoDvZnq5XfDCwNQfwWhe5tL2SZOdgpDHRbr3fdH+l+lFaaNIso6RdbWkzUJ1tK2aNxDkSufZPYC5SzQqfw8HNSbvu+AKHa0noCil9Y5F0EFc/1usand0pbSDoNgS8PDB7TMvoV3ceEpQuzjc9k1frPYQmO6kXeYT+SPMxnk07+94/eQftsv7CtpnYX9n5CcwihKd1HtxjeAAxX299E4iCCdrj2zGlPh2U3AhR9QGlg6QqZ/HOo/11ocOtha5ITgEhNj+qdeuuNPNhLps7qm0FoineEcDt/BThfPekWJqWgrh2oMrnKcW8cepMJw== skuppave@odu.edu\n    sudo: ALL=(ALL) NOPASSWD:ALL\n    groups: sudo\n    shell: /bin/bash\n\nruncmd:\n  - echo \"Cloud-Init started\" \u003e /root/cloud-init-start.log\n  - systemctl enable qemu-guest-agent || echo \"Failed to enable qemu-guest-agent\" \u003e\u003e /root/cloud-init-error.log\n  - systemctl start qemu-guest-agent || echo \"Failed to start qemu-guest-agent\" \u003e\u003e /root/cloud-init-error.log\n  - curl -sfL https://get.k3s.io | sh -\n  - systemctl enable k3s || echo \"Failed to enable k3s\"\n  - systemctl start k3s || echo \"Failed to start k3s\"\n  - echo \"Waiting for k3s to start...\" \u0026\u0026 sleep 20\n  - kubectl get nodes\n  - sudo cat /var/lib/rancher/k3s/server/node-token \u003e /root/k3s-token\n  - echo \"Cloud-Init completed\" \u003e /root/cloud-init.log\n\nwrite_files:\n  - path: /root/.bashrc\n    content: |\n      alias k='kubectl'\n    append: true\n\n",
                "file_name": "k3cloudinit-user-data.yml",
                "resize": 0
              }
            ],
            "timeout_upload": 1800
          },
          "sensitive_attributes": [],
          "private": "bnVsbA=="
        }
      ]
    },
    {
      "mode": "managed",
      "type": "proxmox_virtual_environment_vm",
      "name": "control_plane",
      "provider": "provider[\"registry.terraform.io/bpg/proxmox\"]",
      "instances": [
        {
          "schema_version": 0,
          "attributes": {
            "acpi": true,
            "agent": [
              {
                "enabled": true,
                "timeout": "15m",
                "trim": false,
                "type": "virtio"
              }
            ],
            "audio_device": [],
            "bios": "seabios",
            "boot_order": null,
            "cdrom": [],
            "clone": [
              {
                "datastore_id": "",
                "full": true,
                "node_name": "",
                "retries": 1,
                "vm_id": 100
              }
            ],
            "cpu": [
              {
                "affinity": "",
                "architecture": "",
                "cores": 2,
                "flags": null,
                "hotplugged": 0,
                "limit": 0,
                "numa": false,
                "sockets": 2,
                "type": "host",
                "units": 1024
              }
            ],
            "description": "Ubuntu server",
            "disk": [
              {
                "aio": "io_uring",
                "backup": true,
                "cache": "none",
                "datastore_id": "local-lvm",
                "discard": "ignore",
                "file_format": "raw",
                "file_id": "",
                "interface": "scsi0",
                "iothread": false,
                "path_in_datastore": "vm-201-disk-0",
                "replicate": true,
                "serial": "",
                "size": 50,
                "speed": [],
                "ssd": false
              }
            ],
            "efi_disk": [],
            "hook_script_file_id": null,
            "hostpci": [],
            "id": "201",
            "initialization": [
              {
                "datastore_id": "local-lvm",
                "dns": [
                  {
                    "domain": "",
                    "servers": [
                      "172.18.8.18",
                      "172.18.8.19"
                    ]
                  }
                ],
                "interface": "ide2",
                "ip_config": [
                  {
                    "ipv4": [
                      {
                        "address": "172.18.6.105/24",
                        "gateway": "172.18.6.254"
                      }
                    ],
                    "ipv6": []
                  }
                ],
                "meta_data_file_id": "",
                "network_data_file_id": "",
                "type": "",
                "user_account": [],
                "user_data_file_id": "local:snippets/k3cloudinit-user-data.yml",
                "vendor_data_file_id": ""
              }
            ],
            "ipv4_addresses": [
              [
                "127.0.0.1"
              ],
              [
                "172.18.6.105"
              ]
            ],
            "ipv6_addresses": [
              [
                "::1"
              ],
              [
                "fe80::be24:11ff:fe78:2c85"
              ]
            ],
            "keyboard_layout": "en-us",
            "kvm_arguments": null,
            "mac_addresses": [
              "00:00:00:00:00:00",
              "BC:24:11:78:2C:85"
            ],
            "machine": null,
            "memory": [
              {
                "dedicated": 4096,
                "floating": 0,
                "hugepages": "",
                "keep_hugepages": false,
                "shared": 0
              }
            ],
            "migrate": false,
            "name": "control-plane",
            "network_device": [
              {
                "bridge": "vmbr0",
                "disconnected": false,
                "enabled": true,
                "firewall": false,
                "mac_address": "BC:24:11:78:2C:85",
                "model": "virtio",
                "mtu": 0,
                "queues": 0,
                "rate_limit": 0,
                "trunks": "",
                "vlan_id": 0
              }
            ],
            "network_interface_names": [
              "lo",
              "eth0"
            ],
            "node_name": "proxmox",
            "numa": [],
            "on_boot": true,
            "operating_system": [
              {
                "type": "l26"
              }
            ],
            "pool_id": null,
            "protection": false,
            "reboot": false,
            "reboot_after_update": true,
            "rng": [],
            "scsi_hardware": "virtio-scsi-pci",
            "serial_device": [],
            "smbios": [],
            "started": true,
            "startup": [],
            "stop_on_destroy": false,
            "tablet_device": true,
            "tags": null,
            "template": false,
            "timeout_clone": 1800,
            "timeout_create": 1800,
            "timeout_migrate": 1800,
            "timeout_move_disk": 1800,
            "timeout_reboot": 1800,
            "timeout_shutdown_vm": 1800,
            "timeout_start_vm": 1800,
            "timeout_stop_vm": 300,
            "tpm_state": [],
            "usb": [],
            "vga": [
              {
                "clipboard": "",
                "memory": 16,
                "type": "serial0"
              }
            ],
            "virtiofs": [],
            "vm_id": 201,
            "watchdog": []
          },
          "sensitive_attributes": [],
          "private": "bnVsbA==",
          "dependencies": [
            "proxmox_virtual_environment_file.k3cloudinit_user_data"
          ]
        }
      ]
    }
  ],
  "check_results": null
}
